
Microsoft Visual Studio Solution File, Format Version 12.00
# Visual Studio Version 17
VisualStudioVersion = 17.6.33829.357
MinimumVisualStudioVersion = 10.0.40219.1
Project("{FAE04EC0-301F-11D3-BF4B-00C04F79EFBC}") = "RefArgs", "RefArgs.csproj", "{80153D05-4698-4B83-A092-3341AAC72620}"
EndProject
Global
	GlobalSection(SolutionConfigurationPlatforms) = preSolution
		Debug|Any CPU = Debug|Any CPU
		Release|Any CPU = Release|Any CPU
	EndGlobalSection
	GlobalSection(ProjectConfigurationPlatforms) = postSolution
		{80153D05-4698-4B83-A092-3341AAC72620}.Debug|Any CPU.ActiveCfg = Debug|Any CPU
		{80153D05-4698-4B83-A092-3341AAC72620}.Debug|Any CPU.Build.0 = Debug|Any CPU
		{80153D05-4698-4B83-A092-3341AAC72620}.Release|Any CPU.ActiveCfg = Release|Any CPU
		{80153D05-4698-4B83-A092-3341AAC72620}.Release|Any CPU.Build.0 = Release|Any CPU
	EndGlobalSection
	GlobalSection(SolutionProperties) = preSolution
		HideSolutionNode = FALSE
	EndGlobalSection
	GlobalSection(ExtensibilityGlobals) = postSolution
		SolutionGuid = {E3E912F7-369A-436E-B92B-C70E77C39C6D}
	EndGlobalSection
EndGlobal
